// !$*UTF8*$!
{
	archiveVersion = 1;
	classes = {
	};
	objectVersion = 46;
	objects = {

/* Begin PBXBuildFile section */
		02D383BF1E867A7C00F5F61C /* AppDelegate.swift in Sources */ = {isa = PBXBuildFile; fileRef = 02D383BE1E867A7C00F5F61C /* AppDelegate.swift */; };
		02D383C11E867A7C00F5F61C /* ViewController.swift in Sources */ = {isa = PBXBuildFile; fileRef = 02D383C01E867A7C00F5F61C /* ViewController.swift */; };
		02D383C41E867A7C00F5F61C /* Main.storyboard in Resources */ = {isa = PBXBuildFile; fileRef = 02D383C21E867A7C00F5F61C /* Main.storyboard */; };
		02D383C61E867A7C00F5F61C /* Assets.xcassets in Resources */ = {isa = PBXBuildFile; fileRef = 02D383C51E867A7C00F5F61C /* Assets.xcassets */; };
		02D383C91E867A7C00F5F61C /* LaunchScreen.storyboard in Resources */ = {isa = PBXBuildFile; fileRef = 02D383C71E867A7C00F5F61C /* LaunchScreen.storyboard */; };
		02D383D41E867A7C00F5F61C /* JustTests.swift in Sources */ = {isa = PBXBuildFile; fileRef = 02D383D31E867A7C00F5F61C /* JustTests.swift */; };
		02D383E01E86980100F5F61C /* SectionTitleView.xib in Resources */ = {isa = PBXBuildFile; fileRef = 02D383DF1E86980100F5F61C /* SectionTitleView.xib */; };
		02D383E21E8698D900F5F61C /* DetailsDescriptionCell.xib in Resources */ = {isa = PBXBuildFile; fileRef = 02D383E11E8698D900F5F61C /* DetailsDescriptionCell.xib */; };
		02D383E41E8698F600F5F61C /* DetailsStatusCell.xib in Resources */ = {isa = PBXBuildFile; fileRef = 02D383E31E8698F600F5F61C /* DetailsStatusCell.xib */; };
		02D383E61E86992D00F5F61C /* DetailsTitleCell.xib in Resources */ = {isa = PBXBuildFile; fileRef = 02D383E51E86992D00F5F61C /* DetailsTitleCell.xib */; };
		02D383E81E86998A00F5F61C /* DetailsActionCell.xib in Resources */ = {isa = PBXBuildFile; fileRef = 02D383E71E86998A00F5F61C /* DetailsActionCell.xib */; };
		02D383EA1E86999F00F5F61C /* DashboardItemCell.xib in Resources */ = {isa = PBXBuildFile; fileRef = 02D383E91E86999F00F5F61C /* DashboardItemCell.xib */; };
		02D383EC1E8699E900F5F61C /* DashboardInputView.xib in Resources */ = {isa = PBXBuildFile; fileRef = 02D383EB1E8699E900F5F61C /* DashboardInputView.xib */; };
/* End PBXBuildFile section */

/* Begin PBXContainerItemProxy section */
		02D383D01E867A7C00F5F61C /* PBXContainerItemProxy */ = {
			isa = PBXContainerItemProxy;
			containerPortal = 02D383B31E867A7C00F5F61C /* Project object */;
			proxyType = 1;
			remoteGlobalIDString = 02D383BA1E867A7C00F5F61C;
			remoteInfo = Just;
		};
/* End PBXContainerItemProxy section */

/* Begin PBXFileReference section */
		02D383BB1E867A7C00F5F61C /* Just.app */ = {isa = PBXFileReference; explicitFileType = wrapper.application; includeInIndex = 0; path = Just.app; sourceTree = BUILT_PRODUCTS_DIR; };
		02D383BE1E867A7C00F5F61C /* AppDelegate.swift */ = {isa = PBXFileReference; lastKnownFileType = sourcecode.swift; path = AppDelegate.swift; sourceTree = "<group>"; };
		02D383C01E867A7C00F5F61C /* ViewController.swift */ = {isa = PBXFileReference; lastKnownFileType = sourcecode.swift; path = ViewController.swift; sourceTree = "<group>"; };
		02D383C31E867A7C00F5F61C /* Base */ = {isa = PBXFileReference; lastKnownFileType = file.storyboard; name = Base; path = Base.lproj/Main.storyboard; sourceTree = "<group>"; };
		02D383C51E867A7C00F5F61C /* Assets.xcassets */ = {isa = PBXFileReference; lastKnownFileType = folder.assetcatalog; path = Assets.xcassets; sourceTree = "<group>"; };
		02D383C81E867A7C00F5F61C /* Base */ = {isa = PBXFileReference; lastKnownFileType = file.storyboard; name = Base; path = Base.lproj/LaunchScreen.storyboard; sourceTree = "<group>"; };
		02D383CA1E867A7C00F5F61C /* Info.plist */ = {isa = PBXFileReference; lastKnownFileType = text.plist.xml; path = Info.plist; sourceTree = "<group>"; };
		02D383CF1E867A7C00F5F61C /* JustTests.xctest */ = {isa = PBXFileReference; explicitFileType = wrapper.cfbundle; includeInIndex = 0; path = JustTests.xctest; sourceTree = BUILT_PRODUCTS_DIR; };
		02D383D31E867A7C00F5F61C /* JustTests.swift */ = {isa = PBXFileReference; lastKnownFileType = sourcecode.swift; path = JustTests.swift; sourceTree = "<group>"; };
		02D383D51E867A7C00F5F61C /* Info.plist */ = {isa = PBXFileReference; lastKnownFileType = text.plist.xml; path = Info.plist; sourceTree = "<group>"; };
		02D383DF1E86980100F5F61C /* SectionTitleView.xib */ = {isa = PBXFileReference; fileEncoding = 4; lastKnownFileType = file.xib; path = SectionTitleView.xib; sourceTree = "<group>"; };
		02D383E11E8698D900F5F61C /* DetailsDescriptionCell.xib */ = {isa = PBXFileReference; fileEncoding = 4; lastKnownFileType = file.xib; path = DetailsDescriptionCell.xib; sourceTree = "<group>"; };
		02D383E31E8698F600F5F61C /* DetailsStatusCell.xib */ = {isa = PBXFileReference; fileEncoding = 4; lastKnownFileType = file.xib; path = DetailsStatusCell.xib; sourceTree = "<group>"; };
		02D383E51E86992D00F5F61C /* DetailsTitleCell.xib */ = {isa = PBXFileReference; fileEncoding = 4; lastKnownFileType = file.xib; path = DetailsTitleCell.xib; sourceTree = "<group>"; };
		02D383E71E86998A00F5F61C /* DetailsActionCell.xib */ = {isa = PBXFileReference; fileEncoding = 4; lastKnownFileType = file.xib; path = DetailsActionCell.xib; sourceTree = "<group>"; };
		02D383E91E86999F00F5F61C /* DashboardItemCell.xib */ = {isa = PBXFileReference; fileEncoding = 4; lastKnownFileType = file.xib; path = DashboardItemCell.xib; sourceTree = "<group>"; };
		02D383EB1E8699E900F5F61C /* DashboardInputView.xib */ = {isa = PBXFileReference; fileEncoding = 4; lastKnownFileType = file.xib; path = DashboardInputView.xib; sourceTree = "<group>"; };
/* End PBXFileReference section */

/* Begin PBXFrameworksBuildPhase section */
		02D383B81E867A7C00F5F61C /* Frameworks */ = {
			isa = PBXFrameworksBuildPhase;
			buildActionMask = 2147483647;
			files = (
			);
			runOnlyForDeploymentPostprocessing = 0;
		};
		02D383CC1E867A7C00F5F61C /* Frameworks */ = {
			isa = PBXFrameworksBuildPhase;
			buildActionMask = 2147483647;
			files = (
			);
			runOnlyForDeploymentPostprocessing = 0;
		};
/* End PBXFrameworksBuildPhase section */

/* Begin PBXGroup section */
		02D383B21E867A7C00F5F61C = {
			isa = PBXGroup;
			children = (
				02D383BD1E867A7C00F5F61C /* Just */,
				02D383D21E867A7C00F5F61C /* JustTests */,
				02D383BC1E867A7C00F5F61C /* Products */,
			);
			sourceTree = "<group>";
		};
		02D383BC1E867A7C00F5F61C /* Products */ = {
			isa = PBXGroup;
			children = (
				02D383BB1E867A7C00F5F61C /* Just.app */,
				02D383CF1E867A7C00F5F61C /* JustTests.xctest */,
			);
			name = Products;
			sourceTree = "<group>";
		};
		02D383BD1E867A7C00F5F61C /* Just */ = {
			isa = PBXGroup;
			children = (
				02D383DE1E86976D00F5F61C /* Views */,
				02D383BE1E867A7C00F5F61C /* AppDelegate.swift */,
				02D383C01E867A7C00F5F61C /* ViewController.swift */,
				02D383C21E867A7C00F5F61C /* Main.storyboard */,
				02D383C51E867A7C00F5F61C /* Assets.xcassets */,
				02D383C71E867A7C00F5F61C /* LaunchScreen.storyboard */,
				02D383CA1E867A7C00F5F61C /* Info.plist */,
			);
			path = Just;
			sourceTree = "<group>";
		};
		02D383D21E867A7C00F5F61C /* JustTests */ = {
			isa = PBXGroup;
			children = (
				02D383D31E867A7C00F5F61C /* JustTests.swift */,
				02D383D51E867A7C00F5F61C /* Info.plist */,
			);
			path = JustTests;
			sourceTree = "<group>";
		};
		02D383DE1E86976D00F5F61C /* Views */ = {
			isa = PBXGroup;
			children = (
				02D383DF1E86980100F5F61C /* SectionTitleView.xib */,
				02D383E11E8698D900F5F61C /* DetailsDescriptionCell.xib */,
				02D383E31E8698F600F5F61C /* DetailsStatusCell.xib */,
				02D383E51E86992D00F5F61C /* DetailsTitleCell.xib */,
				02D383E71E86998A00F5F61C /* DetailsActionCell.xib */,
				02D383E91E86999F00F5F61C /* DashboardItemCell.xib */,
				02D383EB1E8699E900F5F61C /* DashboardInputView.xib */,
			);
			name = Views;
			sourceTree = "<group>";
		};
/* End PBXGroup section */

/* Begin PBXNativeTarget section */
		02D383BA1E867A7C00F5F61C /* Just */ = {
			isa = PBXNativeTarget;
			buildConfigurationList = 02D383D81E867A7C00F5F61C /* Build configuration list for PBXNativeTarget "Just" */;
			buildPhases = (
				02D383B71E867A7C00F5F61C /* Sources */,
				02D383B81E867A7C00F5F61C /* Frameworks */,
				02D383B91E867A7C00F5F61C /* Resources */,
			);
			buildRules = (
			);
			dependencies = (
			);
			name = Just;
			productName = Just;
			productReference = 02D383BB1E867A7C00F5F61C /* Just.app */;
			productType = "com.apple.product-type.application";
		};
		02D383CE1E867A7C00F5F61C /* JustTests */ = {
			isa = PBXNativeTarget;
			buildConfigurationList = 02D383DB1E867A7C00F5F61C /* Build configuration list for PBXNativeTarget "JustTests" */;
			buildPhases = (
				02D383CB1E867A7C00F5F61C /* Sources */,
				02D383CC1E867A7C00F5F61C /* Frameworks */,
				02D383CD1E867A7C00F5F61C /* Resources */,
			);
			buildRules = (
			);
			dependencies = (
				02D383D11E867A7C00F5F61C /* PBXTargetDependency */,
			);
			name = JustTests;
			productName = JustTests;
			productReference = 02D383CF1E867A7C00F5F61C /* JustTests.xctest */;
			productType = "com.apple.product-type.bundle.unit-test";
		};
/* End PBXNativeTarget section */

/* Begin PBXProject section */
		02D383B31E867A7C00F5F61C /* Project object */ = {
			isa = PBXProject;
			attributes = {
				LastSwiftUpdateCheck = 0810;
				LastUpgradeCheck = 0810;
				ORGANIZATIONNAME = CappSoft;
				TargetAttributes = {
					02D383BA1E867A7C00F5F61C = {
						CreatedOnToolsVersion = 8.1;
						ProvisioningStyle = Automatic;
					};
					02D383CE1E867A7C00F5F61C = {
						CreatedOnToolsVersion = 8.1;
						ProvisioningStyle = Automatic;
						TestTargetID = 02D383BA1E867A7C00F5F61C;
					};
				};
			};
			buildConfigurationList = 02D383B61E867A7C00F5F61C /* Build configuration list for PBXProject "Just" */;
			compatibilityVersion = "Xcode 3.2";
			developmentRegion = English;
			hasScannedForEncodings = 0;
			knownRegions = (
				en,
				Base,
			);
			mainGroup = 02D383B21E867A7C00F5F61C;
			productRefGroup = 02D383BC1E867A7C00F5F61C /* Products */;
			projectDirPath = "";
			projectRoot = "";
			targets = (
				02D383BA1E867A7C00F5F61C /* Just */,
				02D383CE1E867A7C00F5F61C /* JustTests */,
			);
		};
/* End PBXProject section */

/* Begin PBXResourcesBuildPhase section */
		02D383B91E867A7C00F5F61C /* Resources */ = {
			isa = PBXResourcesBuildPhase;
			buildActionMask = 2147483647;
			files = (
				02D383EA1E86999F00F5F61C /* DashboardItemCell.xib in Resources */,
				02D383C91E867A7C00F5F61C /* LaunchScreen.storyboard in Resources */,
				02D383EC1E8699E900F5F61C /* DashboardInputView.xib in Resources */,
				02D383C61E867A7C00F5F61C /* Assets.xcassets in Resources */,
				02D383E81E86998A00F5F61C /* DetailsActionCell.xib in Resources */,
				02D383C41E867A7C00F5F61C /* Main.storyboard in Resources */,
				02D383E61E86992D00F5F61C /* DetailsTitleCell.xib in Resources */,
				02D383E21E8698D900F5F61C /* DetailsDescriptionCell.xib in Resources */,
				02D383E41E8698F600F5F61C /* DetailsStatusCell.xib in Resources */,
				02D383E01E86980100F5F61C /* SectionTitleView.xib in Resources */,
			);
			runOnlyForDeploymentPostprocessing = 0;
		};
		02D383CD1E867A7C00F5F61C /* Resources */ = {
			isa = PBXResourcesBuildPhase;
			buildActionMask = 2147483647;
			files = (
			);
			runOnlyForDeploymentPostprocessing = 0;
		};
/* End PBXResourcesBuildPhase section */

/* Begin PBXSourcesBuildPhase section */
		02D383B71E867A7C00F5F61C /* Sources */ = {
			isa = PBXSourcesBuildPhase;
			buildActionMask = 2147483647;
			files = (
				02D383C11E867A7C00F5F61C /* ViewController.swift in Sources */,
				02D383BF1E867A7C00F5F61C /* AppDelegate.swift in Sources */,
			);
			runOnlyForDeploymentPostprocessing = 0;
		};
		02D383CB1E867A7C00F5F61C /* Sources */ = {
			isa = PBXSourcesBuildPhase;
			buildActionMask = 2147483647;
			files = (
				02D383D41E867A7C00F5F61C /* JustTests.swift in Sources */,
			);
			runOnlyForDeploymentPostprocessing = 0;
		};
/* End PBXSourcesBuildPhase section */

/* Begin PBXTargetDependency section */
		02D383D11E867A7C00F5F61C /* PBXTargetDependency */ = {
			isa = PBXTargetDependency;
			target = 02D383BA1E867A7C00F5F61C /* Just */;
			targetProxy = 02D383D01E867A7C00F5F61C /* PBXContainerItemProxy */;
		};
/* End PBXTargetDependency section */

/* Begin PBXVariantGroup section */
		02D383C21E867A7C00F5F61C /* Main.storyboard */ = {
			isa = PBXVariantGroup;
			children = (
				02D383C31E867A7C00F5F61C /* Base */,
			);
			name = Main.storyboard;
			sourceTree = "<group>";
		};
		02D383C71E867A7C00F5F61C /* LaunchScreen.storyboard */ = {
			isa = PBXVariantGroup;
			children = (
				02D383C81E867A7C00F5F61C /* Base */,
			);
			name = LaunchScreen.storyboard;
			sourceTree = "<group>";
		};
/* End PBXVariantGroup section */

/* Begin XCBuildConfiguration section */
		02D383D61E867A7C00F5F61C /* Debug */ = {
			isa = XCBuildConfiguration;
			buildSettings = {
				ALWAYS_SEARCH_USER_PATHS = NO;
				CLANG_ANALYZER_NONNULL = YES;
				CLANG_CXX_LANGUAGE_STANDARD = "gnu++0x";
				CLANG_CXX_LIBRARY = "libc++";
				CLANG_ENABLE_MODULES = YES;
				CLANG_ENABLE_OBJC_ARC = YES;
				CLANG_WARN_BOOL_CONVERSION = YES;
				CLANG_WARN_CONSTANT_CONVERSION = YES;
				CLANG_WARN_DIRECT_OBJC_ISA_USAGE = YES_ERROR;
				CLANG_WARN_DOCUMENTATION_COMMENTS = YES;
				CLANG_WARN_EMPTY_BODY = YES;
				CLANG_WARN_ENUM_CONVERSION = YES;
				CLANG_WARN_INFINITE_RECURSION = YES;
				CLANG_WARN_INT_CONVERSION = YES;
				CLANG_WARN_OBJC_ROOT_CLASS = YES_ERROR;
				CLANG_WARN_SUSPICIOUS_MOVES = YES;
				CLANG_WARN_UNREACHABLE_CODE = YES;
				CLANG_WARN__DUPLICATE_METHOD_MATCH = YES;
				"CODE_SIGN_IDENTITY[sdk=iphoneos*]" = "iPhone Developer";
				COPY_PHASE_STRIP = NO;
				DEBUG_INFORMATION_FORMAT = dwarf;
				ENABLE_STRICT_OBJC_MSGSEND = YES;
				ENABLE_TESTABILITY = YES;
				GCC_C_LANGUAGE_STANDARD = gnu99;
				GCC_DYNAMIC_NO_PIC = NO;
				GCC_NO_COMMON_BLOCKS = YES;
				GCC_OPTIMIZATION_LEVEL = 0;
				GCC_PREPROCESSOR_DEFINITIONS = (
					"DEBUG=1",
					"$(inherited)",
				);
				GCC_WARN_64_TO_32_BIT_CONVERSION = YES;
				GCC_WARN_ABOUT_RETURN_TYPE = YES_ERROR;
				GCC_WARN_UNDECLARED_SELECTOR = YES;
				GCC_WARN_UNINITIALIZED_AUTOS = YES_AGGRESSIVE;
				GCC_WARN_UNUSED_FUNCTION = YES;
				GCC_WARN_UNUSED_VARIABLE = YES;
				IPHONEOS_DEPLOYMENT_TARGET = 10.1;
				MTL_ENABLE_DEBUG_INFO = YES;
				ONLY_ACTIVE_ARCH = YES;
				SDKROOT = iphoneos;
				SWIFT_ACTIVE_COMPILATION_CONDITIONS = DEBUG;
				SWIFT_OPTIMIZATION_LEVEL = "-Onone";
			};
			name = Debug;
		};
		02D383D71E867A7C00F5F61C /* Release */ = {
			isa = XCBuildConfiguration;
			buildSettings = {
				ALWAYS_SEARCH_USER_PATHS = NO;
				CLANG_ANALYZER_NONNULL = YES;
				CLANG_CXX_LANGUAGE_STANDARD = "gnu++0x";
				CLANG_CXX_LIBRARY = "libc++";
				CLANG_ENABLE_MODULES = YES;
				CLANG_ENABLE_OBJC_ARC = YES;
				CLANG_WARN_BOOL_CONVERSION = YES;
				CLANG_WARN_CONSTANT_CONVERSION = YES;
				CLANG_WARN_DIRECT_OBJC_ISA_USAGE = YES_ERROR;
				CLANG_WARN_DOCUMENTATION_COMMENTS = YES;
				CLANG_WARN_EMPTY_BODY = YES;
				CLANG_WARN_ENUM_CONVERSION = YES;
				CLANG_WARN_INFINITE_RECURSION = YES;
				CLANG_WARN_INT_CONVERSION = YES;
				CLANG_WARN_OBJC_ROOT_CLASS = YES_ERROR;
				CLANG_WARN_SUSPICIOUS_MOVES = YES;
				CLANG_WARN_UNREACHABLE_CODE = YES;
				CLANG_WARN__DUPLICATE_METHOD_MATCH = YES;
				"CODE_SIGN_IDENTITY[sdk=iphoneos*]" = "iPhone Developer";
				COPY_PHASE_STRIP = NO;
				DEBUG_INFORMATION_FORMAT = "dwarf-with-dsym";
				ENABLE_NS_ASSERTIONS = NO;
				ENABLE_STRICT_OBJC_MSGSEND = YES;
				GCC_C_LANGUAGE_STANDARD = gnu99;
				GCC_NO_COMMON_BLOCKS = YES;
				GCC_WARN_64_TO_32_BIT_CONVERSION = YES;
				GCC_WARN_ABOUT_RETURN_TYPE = YES_ERROR;
				GCC_WARN_UNDECLARED_SELECTOR = YES;
				GCC_WARN_UNINITIALIZED_AUTOS = YES_AGGRESSIVE;
				GCC_WARN_UNUSED_FUNCTION = YES;
				GCC_WARN_UNUSED_VARIABLE = YES;
				IPHONEOS_DEPLOYMENT_TARGET = 10.1;
				MTL_ENABLE_DEBUG_INFO = NO;
				SDKROOT = iphoneos;
				SWIFT_OPTIMIZATION_LEVEL = "-Owholemodule";
				VALIDATE_PRODUCT = YES;
			};
			name = Release;
		};
		02D383D91E867A7C00F5F61C /* Debug */ = {
			isa = XCBuildConfiguration;
			buildSettings = {
				ASSETCATALOG_COMPILER_APPICON_NAME = AppIcon;
				INFOPLIST_FILE = Just/Info.plist;
				LD_RUNPATH_SEARCH_PATHS = "$(inherited) @executable_path/Frameworks";
				PRODUCT_BUNDLE_IDENTIFIER = com.cappsoft.Just;
				PRODUCT_NAME = "$(TARGET_NAME)";
				SWIFT_VERSION = 3.0;
			};
			name = Debug;
		};
		02D383DA1E867A7C00F5F61C /* Release */ = {
			isa = XCBuildConfiguration;
			buildSettings = {
				ASSETCATALOG_COMPILER_APPICON_NAME = AppIcon;
				INFOPLIST_FILE = Just/Info.plist;
				LD_RUNPATH_SEARCH_PATHS = "$(inherited) @executable_path/Frameworks";
				PRODUCT_BUNDLE_IDENTIFIER = com.cappsoft.Just;
				PRODUCT_NAME = "$(TARGET_NAME)";
				SWIFT_VERSION = 3.0;
			};
			name = Release;
		};
		02D383DC1E867A7C00F5F61C /* Debug */ = {
			isa = XCBuildConfiguration;
			buildSettings = {
				ALWAYS_EMBED_SWIFT_STANDARD_LIBRARIES = YES;
				BUNDLE_LOADER = "$(TEST_HOST)";
				INFOPLIST_FILE = JustTests/Info.plist;
				LD_RUNPATH_SEARCH_PATHS = "$(inherited) @executable_path/Frameworks @loader_path/Frameworks";
				PRODUCT_BUNDLE_IDENTIFIER = com.cappsoft.JustTests;
				PRODUCT_NAME = "$(TARGET_NAME)";
				SWIFT_VERSION = 3.0;
				TEST_HOST = "$(BUILT_PRODUCTS_DIR)/Just.app/Just";
			};
			name = Debug;
		};
		02D383DD1E867A7C00F5F61C /* Release */ = {
			isa = XCBuildConfiguration;
			buildSettings = {
				ALWAYS_EMBED_SWIFT_STANDARD_LIBRARIES = YES;
				BUNDLE_LOADER = "$(TEST_HOST)";
				INFOPLIST_FILE = JustTests/Info.plist;
				LD_RUNPATH_SEARCH_PATHS = "$(inherited) @executable_path/Frameworks @loader_path/Frameworks";
				PRODUCT_BUNDLE_IDENTIFIER = com.cappsoft.JustTests;
				PRODUCT_NAME = "$(TARGET_NAME)";
				SWIFT_VERSION = 3.0;
				TEST_HOST = "$(BUILT_PRODUCTS_DIR)/Just.app/Just";
			};
			name = Release;
		};
/* End XCBuildConfiguration section */

/* Begin XCConfigurationList section */
		02D383B61E867A7C00F5F61C /* Build configuration list for PBXProject "Just" */ = {
			isa = XCConfigurationList;
			buildConfigurations = (
				02D383D61E867A7C00F5F61C /* Debug */,
				02D383D71E867A7C00F5F61C /* Release */,
			);
			defaultConfigurationIsVisible = 0;
			defaultConfigurationName = Release;
		};
		02D383D81E867A7C00F5F61C /* Build configuration list for PBXNativeTarget "Just" */ = {
			isa = XCConfigurationList;
			buildConfigurations = (
				02D383D91E867A7C00F5F61C /* Debug */,
				02D383DA1E867A7C00F5F61C /* Release */,
			);
			defaultConfigurationIsVisible = 0;
		};
		02D383DB1E867A7C00F5F61C /* Build configuration list for PBXNativeTarget "JustTests" */ = {
			isa = XCConfigurationList;
			buildConfigurations = (
				02D383DC1E867A7C00F5F61C /* Debug */,
				02D383DD1E867A7C00F5F61C /* Release */,
			);
			defaultConfigurationIsVisible = 0;
		};
/* End XCConfigurationList section */
	};
	rootObject = 02D383B31E867A7C00F5F61C /* Project object */;
}
