// !$*UTF8*$!
{
	archiveVersion = 1;
	classes = {
	};
	objectVersion = 46;
	objects = {

/* Begin PBXBuildFile section */
		0231B30A1E9A608F00868DB6 /* Keyboard.swift in Sources */ = {isa = PBXBuildFile; fileRef = 0231B3091E9A608F00868DB6 /* Keyboard.swift */; };
		0231B30C1E9A65CE00868DB6 /* Setting.swift in Sources */ = {isa = PBXBuildFile; fileRef = 0231B30B1E9A65CE00868DB6 /* Setting.swift */; };
		0231B30E1E9A78DE00868DB6 /* Notifications.swift in Sources */ = {isa = PBXBuildFile; fileRef = 0231B30D1E9A78DE00868DB6 /* Notifications.swift */; };
		0242D9E61E87DEC0007BA970 /* User.swift in Sources */ = {isa = PBXBuildFile; fileRef = 0242D9E51E87DEC0007BA970 /* User.swift */; };
		0242D9E81E87E265007BA970 /* Token.swift in Sources */ = {isa = PBXBuildFile; fileRef = 0242D9E71E87E265007BA970 /* Token.swift */; };
		0242D9EA1E87E26B007BA970 /* Task.swift in Sources */ = {isa = PBXBuildFile; fileRef = 0242D9E91E87E26B007BA970 /* Task.swift */; };
		0242D9EC1E87E275007BA970 /* Priority.swift in Sources */ = {isa = PBXBuildFile; fileRef = 0242D9EB1E87E275007BA970 /* Priority.swift */; };
		0242D9EE1E87E27C007BA970 /* List.swift in Sources */ = {isa = PBXBuildFile; fileRef = 0242D9ED1E87E27C007BA970 /* List.swift */; };
		0242D9F01E87E2A3007BA970 /* Credentials.swift in Sources */ = {isa = PBXBuildFile; fileRef = 0242D9EF1E87E2A3007BA970 /* Credentials.swift */; };
		0242D9FD1E87E84E007BA970 /* SectionTitleView.swift in Sources */ = {isa = PBXBuildFile; fileRef = 0242D9FC1E87E84E007BA970 /* SectionTitleView.swift */; };
		0242D9FF1E87E8A3007BA970 /* NibLoadable.swift in Sources */ = {isa = PBXBuildFile; fileRef = 0242D9FE1E87E8A3007BA970 /* NibLoadable.swift */; };
		0242DA011E87E8A9007BA970 /* Reusable.swift in Sources */ = {isa = PBXBuildFile; fileRef = 0242DA001E87E8A9007BA970 /* Reusable.swift */; };
		0242DA031E87E8E6007BA970 /* TableView+Dequeuing.swift in Sources */ = {isa = PBXBuildFile; fileRef = 0242DA021E87E8E6007BA970 /* TableView+Dequeuing.swift */; };
		0242DA051E87ECAB007BA970 /* TableView+IndexPath.swift in Sources */ = {isa = PBXBuildFile; fileRef = 0242DA041E87ECAB007BA970 /* TableView+IndexPath.swift */; };
		0242DA0F1E87FA87007BA970 /* DetailsDescriptionCell.swift in Sources */ = {isa = PBXBuildFile; fileRef = 0242DA0E1E87FA87007BA970 /* DetailsDescriptionCell.swift */; };
		0242DA121E88368C007BA970 /* DetailsStatusCell.swift in Sources */ = {isa = PBXBuildFile; fileRef = 0242DA111E88368C007BA970 /* DetailsStatusCell.swift */; };
		0242DA141E990843007BA970 /* DateFormatter.swift in Sources */ = {isa = PBXBuildFile; fileRef = 0242DA131E990843007BA970 /* DateFormatter.swift */; };
		0242DA161E990A77007BA970 /* DetailsActionCell.swift in Sources */ = {isa = PBXBuildFile; fileRef = 0242DA151E990A77007BA970 /* DetailsActionCell.swift */; };
		0242DA181E990A80007BA970 /* DetailsTitleCell.swift in Sources */ = {isa = PBXBuildFile; fileRef = 0242DA171E990A80007BA970 /* DetailsTitleCell.swift */; };
		0242DA1A1E990CBA007BA970 /* DashboardItemCell.swift in Sources */ = {isa = PBXBuildFile; fileRef = 0242DA191E990CBA007BA970 /* DashboardItemCell.swift */; };
		0242DA1C1E990CC7007BA970 /* SettingsNavigationCell.swift in Sources */ = {isa = PBXBuildFile; fileRef = 0242DA1B1E990CC7007BA970 /* SettingsNavigationCell.swift */; };
		0242DA1E1E990CD0007BA970 /* SettingsSwitchCell.swift in Sources */ = {isa = PBXBuildFile; fileRef = 0242DA1D1E990CD0007BA970 /* SettingsSwitchCell.swift */; };
		0242DA201E99145D007BA970 /* LandingViewController.swift in Sources */ = {isa = PBXBuildFile; fileRef = 0242DA1F1E99145D007BA970 /* LandingViewController.swift */; };
		0242DA221E991B5E007BA970 /* StoryboardIdentifiable.swift in Sources */ = {isa = PBXBuildFile; fileRef = 0242DA211E991B5E007BA970 /* StoryboardIdentifiable.swift */; };
		0242DA241E991B80007BA970 /* StoryboardWireframe.swift in Sources */ = {isa = PBXBuildFile; fileRef = 0242DA231E991B80007BA970 /* StoryboardWireframe.swift */; };
		0242DA261E991B87007BA970 /* Instantiator.swift in Sources */ = {isa = PBXBuildFile; fileRef = 0242DA251E991B87007BA970 /* Instantiator.swift */; };
		0242DA281E991C6A007BA970 /* Wireframes.swift in Sources */ = {isa = PBXBuildFile; fileRef = 0242DA271E991C6A007BA970 /* Wireframes.swift */; };
		0242DA2A1E991E42007BA970 /* TaskDetailsViewController.swift in Sources */ = {isa = PBXBuildFile; fileRef = 0242DA291E991E42007BA970 /* TaskDetailsViewController.swift */; };
		0242DA2C1E991E4C007BA970 /* TaskListViewController.swift in Sources */ = {isa = PBXBuildFile; fileRef = 0242DA2B1E991E4C007BA970 /* TaskListViewController.swift */; };
		0242DA2E1E991E57007BA970 /* RegistrationViewController.swift in Sources */ = {isa = PBXBuildFile; fileRef = 0242DA2D1E991E57007BA970 /* RegistrationViewController.swift */; };
		0242DA301E991E5F007BA970 /* LoginViewController.swift in Sources */ = {isa = PBXBuildFile; fileRef = 0242DA2F1E991E5F007BA970 /* LoginViewController.swift */; };
		0242DA321E991E6B007BA970 /* RootViewController.swift in Sources */ = {isa = PBXBuildFile; fileRef = 0242DA311E991E6B007BA970 /* RootViewController.swift */; };
		0242DA341E991FED007BA970 /* ListPickerViewController.swift in Sources */ = {isa = PBXBuildFile; fileRef = 0242DA331E991FED007BA970 /* ListPickerViewController.swift */; };
		0242DA361E992026007BA970 /* DatePickerViewController.swift in Sources */ = {isa = PBXBuildFile; fileRef = 0242DA351E992026007BA970 /* DatePickerViewController.swift */; };
		0242DA381E992031007BA970 /* SettingsViewController.swift in Sources */ = {isa = PBXBuildFile; fileRef = 0242DA371E992031007BA970 /* SettingsViewController.swift */; };
		0242DA3C1E993577007BA970 /* TransparentNavigationController.swift in Sources */ = {isa = PBXBuildFile; fileRef = 0242DA3B1E993577007BA970 /* TransparentNavigationController.swift */; };
		0242DA3E1E99420B007BA970 /* Colors.swift in Sources */ = {isa = PBXBuildFile; fileRef = 0242DA3D1E99420B007BA970 /* Colors.swift */; };
		0242DA401E99477A007BA970 /* Validations.swift in Sources */ = {isa = PBXBuildFile; fileRef = 0242DA3F1E99477A007BA970 /* Validations.swift */; };
		0242DA421E994B56007BA970 /* MainNavigationController.swift in Sources */ = {isa = PBXBuildFile; fileRef = 0242DA411E994B56007BA970 /* MainNavigationController.swift */; };
		029B24731EC26FC60009F828 /* TaskEditViewController.swift in Sources */ = {isa = PBXBuildFile; fileRef = 029B24721EC26FC60009F828 /* TaskEditViewController.swift */; };
		029B24761EC272070009F828 /* EditTitleCell.swift in Sources */ = {isa = PBXBuildFile; fileRef = 029B24751EC272070009F828 /* EditTitleCell.swift */; };
		029B24781EC2721C0009F828 /* EditTitleCell.xib in Resources */ = {isa = PBXBuildFile; fileRef = 029B24771EC2721C0009F828 /* EditTitleCell.xib */; };
		02C79FB01E9A9FDC006F40D2 /* DashboardInputView.swift in Sources */ = {isa = PBXBuildFile; fileRef = 02C79FAF1E9A9FDC006F40D2 /* DashboardInputView.swift */; };
		02D383BF1E867A7C00F5F61C /* AppDelegate.swift in Sources */ = {isa = PBXBuildFile; fileRef = 02D383BE1E867A7C00F5F61C /* AppDelegate.swift */; };
		02D383C41E867A7C00F5F61C /* Main.storyboard in Resources */ = {isa = PBXBuildFile; fileRef = 02D383C21E867A7C00F5F61C /* Main.storyboard */; };
		02D383C61E867A7C00F5F61C /* Assets.xcassets in Resources */ = {isa = PBXBuildFile; fileRef = 02D383C51E867A7C00F5F61C /* Assets.xcassets */; };
		02D383C91E867A7C00F5F61C /* LaunchScreen.storyboard in Resources */ = {isa = PBXBuildFile; fileRef = 02D383C71E867A7C00F5F61C /* LaunchScreen.storyboard */; };
		02D383D41E867A7C00F5F61C /* JustTests.swift in Sources */ = {isa = PBXBuildFile; fileRef = 02D383D31E867A7C00F5F61C /* JustTests.swift */; };
		02D383E01E86980100F5F61C /* SectionTitleView.xib in Resources */ = {isa = PBXBuildFile; fileRef = 02D383DF1E86980100F5F61C /* SectionTitleView.xib */; };
		02D383E21E8698D900F5F61C /* DetailsDescriptionCell.xib in Resources */ = {isa = PBXBuildFile; fileRef = 02D383E11E8698D900F5F61C /* DetailsDescriptionCell.xib */; };
		02D383E41E8698F600F5F61C /* DetailsStatusCell.xib in Resources */ = {isa = PBXBuildFile; fileRef = 02D383E31E8698F600F5F61C /* DetailsStatusCell.xib */; };
		02D383E61E86992D00F5F61C /* DetailsTitleCell.xib in Resources */ = {isa = PBXBuildFile; fileRef = 02D383E51E86992D00F5F61C /* DetailsTitleCell.xib */; };
		02D383E81E86998A00F5F61C /* DetailsActionCell.xib in Resources */ = {isa = PBXBuildFile; fileRef = 02D383E71E86998A00F5F61C /* DetailsActionCell.xib */; };
		02D383EA1E86999F00F5F61C /* DashboardItemCell.xib in Resources */ = {isa = PBXBuildFile; fileRef = 02D383E91E86999F00F5F61C /* DashboardItemCell.xib */; };
		02D383EC1E8699E900F5F61C /* DashboardInputView.xib in Resources */ = {isa = PBXBuildFile; fileRef = 02D383EB1E8699E900F5F61C /* DashboardInputView.xib */; };
		02D383EE1E86E40600F5F61C /* SettingsNavigationCell.xib in Resources */ = {isa = PBXBuildFile; fileRef = 02D383ED1E86E40600F5F61C /* SettingsNavigationCell.xib */; };
		02D383F01E86E44C00F5F61C /* SettingsSwitchCell.xib in Resources */ = {isa = PBXBuildFile; fileRef = 02D383EF1E86E44C00F5F61C /* SettingsSwitchCell.xib */; };
		02DCFF801EBFA2260096A5D0 /* ListEntryCell.swift in Sources */ = {isa = PBXBuildFile; fileRef = 02DCFF7F1EBFA2260096A5D0 /* ListEntryCell.swift */; };
		02DCFF821EBFA23D0096A5D0 /* ListEntryCell.xib in Resources */ = {isa = PBXBuildFile; fileRef = 02DCFF811EBFA23D0096A5D0 /* ListEntryCell.xib */; };
/* End PBXBuildFile section */

/* Begin PBXContainerItemProxy section */
		02D383D01E867A7C00F5F61C /* PBXContainerItemProxy */ = {
			isa = PBXContainerItemProxy;
			containerPortal = 02D383B31E867A7C00F5F61C /* Project object */;
			proxyType = 1;
			remoteGlobalIDString = 02D383BA1E867A7C00F5F61C;
			remoteInfo = Just;
		};
/* End PBXContainerItemProxy section */

/* Begin PBXFileReference section */
		0231B3091E9A608F00868DB6 /* Keyboard.swift */ = {isa = PBXFileReference; fileEncoding = 4; lastKnownFileType = sourcecode.swift; path = Keyboard.swift; sourceTree = "<group>"; };
		0231B30B1E9A65CE00868DB6 /* Setting.swift */ = {isa = PBXFileReference; fileEncoding = 4; lastKnownFileType = sourcecode.swift; path = Setting.swift; sourceTree = "<group>"; };
		0231B30D1E9A78DE00868DB6 /* Notifications.swift */ = {isa = PBXFileReference; fileEncoding = 4; lastKnownFileType = sourcecode.swift; path = Notifications.swift; sourceTree = "<group>"; };
		0242D9E51E87DEC0007BA970 /* User.swift */ = {isa = PBXFileReference; fileEncoding = 4; lastKnownFileType = sourcecode.swift; path = User.swift; sourceTree = "<group>"; };
		0242D9E71E87E265007BA970 /* Token.swift */ = {isa = PBXFileReference; fileEncoding = 4; lastKnownFileType = sourcecode.swift; path = Token.swift; sourceTree = "<group>"; };
		0242D9E91E87E26B007BA970 /* Task.swift */ = {isa = PBXFileReference; fileEncoding = 4; lastKnownFileType = sourcecode.swift; path = Task.swift; sourceTree = "<group>"; };
		0242D9EB1E87E275007BA970 /* Priority.swift */ = {isa = PBXFileReference; fileEncoding = 4; lastKnownFileType = sourcecode.swift; path = Priority.swift; sourceTree = "<group>"; };
		0242D9ED1E87E27C007BA970 /* List.swift */ = {isa = PBXFileReference; fileEncoding = 4; lastKnownFileType = sourcecode.swift; path = List.swift; sourceTree = "<group>"; };
		0242D9EF1E87E2A3007BA970 /* Credentials.swift */ = {isa = PBXFileReference; fileEncoding = 4; lastKnownFileType = sourcecode.swift; path = Credentials.swift; sourceTree = "<group>"; };
		0242D9FC1E87E84E007BA970 /* SectionTitleView.swift */ = {isa = PBXFileReference; fileEncoding = 4; lastKnownFileType = sourcecode.swift; path = SectionTitleView.swift; sourceTree = "<group>"; };
		0242D9FE1E87E8A3007BA970 /* NibLoadable.swift */ = {isa = PBXFileReference; fileEncoding = 4; lastKnownFileType = sourcecode.swift; path = NibLoadable.swift; sourceTree = "<group>"; };
		0242DA001E87E8A9007BA970 /* Reusable.swift */ = {isa = PBXFileReference; fileEncoding = 4; lastKnownFileType = sourcecode.swift; path = Reusable.swift; sourceTree = "<group>"; };
		0242DA021E87E8E6007BA970 /* TableView+Dequeuing.swift */ = {isa = PBXFileReference; fileEncoding = 4; lastKnownFileType = sourcecode.swift; path = "TableView+Dequeuing.swift"; sourceTree = "<group>"; };
		0242DA041E87ECAB007BA970 /* TableView+IndexPath.swift */ = {isa = PBXFileReference; fileEncoding = 4; lastKnownFileType = sourcecode.swift; path = "TableView+IndexPath.swift"; sourceTree = "<group>"; };
		0242DA0E1E87FA87007BA970 /* DetailsDescriptionCell.swift */ = {isa = PBXFileReference; fileEncoding = 4; lastKnownFileType = sourcecode.swift; path = DetailsDescriptionCell.swift; sourceTree = "<group>"; };
		0242DA111E88368C007BA970 /* DetailsStatusCell.swift */ = {isa = PBXFileReference; fileEncoding = 4; lastKnownFileType = sourcecode.swift; path = DetailsStatusCell.swift; sourceTree = "<group>"; };
		0242DA131E990843007BA970 /* DateFormatter.swift */ = {isa = PBXFileReference; fileEncoding = 4; lastKnownFileType = sourcecode.swift; path = DateFormatter.swift; sourceTree = "<group>"; };
		0242DA151E990A77007BA970 /* DetailsActionCell.swift */ = {isa = PBXFileReference; fileEncoding = 4; lastKnownFileType = sourcecode.swift; path = DetailsActionCell.swift; sourceTree = "<group>"; };
		0242DA171E990A80007BA970 /* DetailsTitleCell.swift */ = {isa = PBXFileReference; fileEncoding = 4; lastKnownFileType = sourcecode.swift; path = DetailsTitleCell.swift; sourceTree = "<group>"; };
		0242DA191E990CBA007BA970 /* DashboardItemCell.swift */ = {isa = PBXFileReference; fileEncoding = 4; lastKnownFileType = sourcecode.swift; path = DashboardItemCell.swift; sourceTree = "<group>"; };
		0242DA1B1E990CC7007BA970 /* SettingsNavigationCell.swift */ = {isa = PBXFileReference; fileEncoding = 4; lastKnownFileType = sourcecode.swift; path = SettingsNavigationCell.swift; sourceTree = "<group>"; };
		0242DA1D1E990CD0007BA970 /* SettingsSwitchCell.swift */ = {isa = PBXFileReference; fileEncoding = 4; lastKnownFileType = sourcecode.swift; path = SettingsSwitchCell.swift; sourceTree = "<group>"; };
		0242DA1F1E99145D007BA970 /* LandingViewController.swift */ = {isa = PBXFileReference; fileEncoding = 4; lastKnownFileType = sourcecode.swift; path = LandingViewController.swift; sourceTree = "<group>"; };
		0242DA211E991B5E007BA970 /* StoryboardIdentifiable.swift */ = {isa = PBXFileReference; fileEncoding = 4; lastKnownFileType = sourcecode.swift; path = StoryboardIdentifiable.swift; sourceTree = "<group>"; };
		0242DA231E991B80007BA970 /* StoryboardWireframe.swift */ = {isa = PBXFileReference; fileEncoding = 4; lastKnownFileType = sourcecode.swift; path = StoryboardWireframe.swift; sourceTree = "<group>"; };
		0242DA251E991B87007BA970 /* Instantiator.swift */ = {isa = PBXFileReference; fileEncoding = 4; lastKnownFileType = sourcecode.swift; path = Instantiator.swift; sourceTree = "<group>"; };
		0242DA271E991C6A007BA970 /* Wireframes.swift */ = {isa = PBXFileReference; fileEncoding = 4; lastKnownFileType = sourcecode.swift; path = Wireframes.swift; sourceTree = "<group>"; };
		0242DA291E991E42007BA970 /* TaskDetailsViewController.swift */ = {isa = PBXFileReference; fileEncoding = 4; lastKnownFileType = sourcecode.swift; path = TaskDetailsViewController.swift; sourceTree = "<group>"; };
		0242DA2B1E991E4C007BA970 /* TaskListViewController.swift */ = {isa = PBXFileReference; fileEncoding = 4; lastKnownFileType = sourcecode.swift; path = TaskListViewController.swift; sourceTree = "<group>"; };
		0242DA2D1E991E57007BA970 /* RegistrationViewController.swift */ = {isa = PBXFileReference; fileEncoding = 4; lastKnownFileType = sourcecode.swift; path = RegistrationViewController.swift; sourceTree = "<group>"; };
		0242DA2F1E991E5F007BA970 /* LoginViewController.swift */ = {isa = PBXFileReference; fileEncoding = 4; lastKnownFileType = sourcecode.swift; path = LoginViewController.swift; sourceTree = "<group>"; };
		0242DA311E991E6B007BA970 /* RootViewController.swift */ = {isa = PBXFileReference; fileEncoding = 4; lastKnownFileType = sourcecode.swift; path = RootViewController.swift; sourceTree = "<group>"; };
		0242DA331E991FED007BA970 /* ListPickerViewController.swift */ = {isa = PBXFileReference; fileEncoding = 4; lastKnownFileType = sourcecode.swift; path = ListPickerViewController.swift; sourceTree = "<group>"; };
		0242DA351E992026007BA970 /* DatePickerViewController.swift */ = {isa = PBXFileReference; fileEncoding = 4; lastKnownFileType = sourcecode.swift; path = DatePickerViewController.swift; sourceTree = "<group>"; };
		0242DA371E992031007BA970 /* SettingsViewController.swift */ = {isa = PBXFileReference; fileEncoding = 4; lastKnownFileType = sourcecode.swift; path = SettingsViewController.swift; sourceTree = "<group>"; };
		0242DA3B1E993577007BA970 /* TransparentNavigationController.swift */ = {isa = PBXFileReference; fileEncoding = 4; lastKnownFileType = sourcecode.swift; path = TransparentNavigationController.swift; sourceTree = "<group>"; };
		0242DA3D1E99420B007BA970 /* Colors.swift */ = {isa = PBXFileReference; fileEncoding = 4; lastKnownFileType = sourcecode.swift; path = Colors.swift; sourceTree = "<group>"; };
		0242DA3F1E99477A007BA970 /* Validations.swift */ = {isa = PBXFileReference; fileEncoding = 4; lastKnownFileType = sourcecode.swift; path = Validations.swift; sourceTree = "<group>"; };
		0242DA411E994B56007BA970 /* MainNavigationController.swift */ = {isa = PBXFileReference; fileEncoding = 4; lastKnownFileType = sourcecode.swift; path = MainNavigationController.swift; sourceTree = "<group>"; };
		029B24721EC26FC60009F828 /* TaskEditViewController.swift */ = {isa = PBXFileReference; fileEncoding = 4; lastKnownFileType = sourcecode.swift; path = TaskEditViewController.swift; sourceTree = "<group>"; };
		029B24751EC272070009F828 /* EditTitleCell.swift */ = {isa = PBXFileReference; fileEncoding = 4; lastKnownFileType = sourcecode.swift; path = EditTitleCell.swift; sourceTree = "<group>"; };
		029B24771EC2721C0009F828 /* EditTitleCell.xib */ = {isa = PBXFileReference; fileEncoding = 4; lastKnownFileType = file.xib; path = EditTitleCell.xib; sourceTree = "<group>"; };
		02C79FAF1E9A9FDC006F40D2 /* DashboardInputView.swift */ = {isa = PBXFileReference; fileEncoding = 4; lastKnownFileType = sourcecode.swift; path = DashboardInputView.swift; sourceTree = "<group>"; };
		02D383BB1E867A7C00F5F61C /* Just.app */ = {isa = PBXFileReference; explicitFileType = wrapper.application; includeInIndex = 0; path = Just.app; sourceTree = BUILT_PRODUCTS_DIR; };
		02D383BE1E867A7C00F5F61C /* AppDelegate.swift */ = {isa = PBXFileReference; lastKnownFileType = sourcecode.swift; path = AppDelegate.swift; sourceTree = "<group>"; };
		02D383C31E867A7C00F5F61C /* Base */ = {isa = PBXFileReference; lastKnownFileType = file.storyboard; name = Base; path = Base.lproj/Main.storyboard; sourceTree = "<group>"; };
		02D383C51E867A7C00F5F61C /* Assets.xcassets */ = {isa = PBXFileReference; lastKnownFileType = folder.assetcatalog; path = Assets.xcassets; sourceTree = "<group>"; };
		02D383C81E867A7C00F5F61C /* Base */ = {isa = PBXFileReference; lastKnownFileType = file.storyboard; name = Base; path = Base.lproj/LaunchScreen.storyboard; sourceTree = "<group>"; };
		02D383CA1E867A7C00F5F61C /* Info.plist */ = {isa = PBXFileReference; lastKnownFileType = text.plist.xml; path = Info.plist; sourceTree = "<group>"; };
		02D383CF1E867A7C00F5F61C /* JustTests.xctest */ = {isa = PBXFileReference; explicitFileType = wrapper.cfbundle; includeInIndex = 0; path = JustTests.xctest; sourceTree = BUILT_PRODUCTS_DIR; };
		02D383D31E867A7C00F5F61C /* JustTests.swift */ = {isa = PBXFileReference; lastKnownFileType = sourcecode.swift; path = JustTests.swift; sourceTree = "<group>"; };
		02D383D51E867A7C00F5F61C /* Info.plist */ = {isa = PBXFileReference; lastKnownFileType = text.plist.xml; path = Info.plist; sourceTree = "<group>"; };
		02D383DF1E86980100F5F61C /* SectionTitleView.xib */ = {isa = PBXFileReference; fileEncoding = 4; lastKnownFileType = file.xib; path = SectionTitleView.xib; sourceTree = "<group>"; };
		02D383E11E8698D900F5F61C /* DetailsDescriptionCell.xib */ = {isa = PBXFileReference; fileEncoding = 4; lastKnownFileType = file.xib; path = DetailsDescriptionCell.xib; sourceTree = "<group>"; };
		02D383E31E8698F600F5F61C /* DetailsStatusCell.xib */ = {isa = PBXFileReference; fileEncoding = 4; lastKnownFileType = file.xib; path = DetailsStatusCell.xib; sourceTree = "<group>"; };
		02D383E51E86992D00F5F61C /* DetailsTitleCell.xib */ = {isa = PBXFileReference; fileEncoding = 4; lastKnownFileType = file.xib; path = DetailsTitleCell.xib; sourceTree = "<group>"; };
		02D383E71E86998A00F5F61C /* DetailsActionCell.xib */ = {isa = PBXFileReference; fileEncoding = 4; lastKnownFileType = file.xib; path = DetailsActionCell.xib; sourceTree = "<group>"; };
		02D383E91E86999F00F5F61C /* DashboardItemCell.xib */ = {isa = PBXFileReference; fileEncoding = 4; lastKnownFileType = file.xib; path = DashboardItemCell.xib; sourceTree = "<group>"; };
		02D383EB1E8699E900F5F61C /* DashboardInputView.xib */ = {isa = PBXFileReference; fileEncoding = 4; lastKnownFileType = file.xib; path = DashboardInputView.xib; sourceTree = "<group>"; };
		02D383ED1E86E40600F5F61C /* SettingsNavigationCell.xib */ = {isa = PBXFileReference; fileEncoding = 4; lastKnownFileType = file.xib; path = SettingsNavigationCell.xib; sourceTree = "<group>"; };
		02D383EF1E86E44C00F5F61C /* SettingsSwitchCell.xib */ = {isa = PBXFileReference; fileEncoding = 4; lastKnownFileType = file.xib; path = SettingsSwitchCell.xib; sourceTree = "<group>"; };
		02DCFF7F1EBFA2260096A5D0 /* ListEntryCell.swift */ = {isa = PBXFileReference; fileEncoding = 4; lastKnownFileType = sourcecode.swift; path = ListEntryCell.swift; sourceTree = "<group>"; };
		02DCFF811EBFA23D0096A5D0 /* ListEntryCell.xib */ = {isa = PBXFileReference; fileEncoding = 4; lastKnownFileType = file.xib; path = ListEntryCell.xib; sourceTree = "<group>"; };
/* End PBXFileReference section */

/* Begin PBXFrameworksBuildPhase section */
		02D383B81E867A7C00F5F61C /* Frameworks */ = {
			isa = PBXFrameworksBuildPhase;
			buildActionMask = 2147483647;
			files = (
			);
			runOnlyForDeploymentPostprocessing = 0;
		};
		02D383CC1E867A7C00F5F61C /* Frameworks */ = {
			isa = PBXFrameworksBuildPhase;
			buildActionMask = 2147483647;
			files = (
			);
			runOnlyForDeploymentPostprocessing = 0;
		};
/* End PBXFrameworksBuildPhase section */

/* Begin PBXGroup section */
		0242D9F11E87E619007BA970 /* Login */ = {
			isa = PBXGroup;
			children = (
				0242DA2F1E991E5F007BA970 /* LoginViewController.swift */,
			);
			name = Login;
			sourceTree = "<group>";
		};
		0242D9F21E87E61B007BA970 /* Root */ = {
			isa = PBXGroup;
			children = (
				0242DA311E991E6B007BA970 /* RootViewController.swift */,
			);
			name = Root;
			sourceTree = "<group>";
		};
		0242D9F41E87E63D007BA970 /* Registration */ = {
			isa = PBXGroup;
			children = (
				0242DA2D1E991E57007BA970 /* RegistrationViewController.swift */,
			);
			name = Registration;
			sourceTree = "<group>";
		};
		0242D9F51E87E63F007BA970 /* ListsPicker */ = {
			isa = PBXGroup;
			children = (
				0242DA331E991FED007BA970 /* ListPickerViewController.swift */,
			);
			name = ListsPicker;
			sourceTree = "<group>";
		};
		0242D9F61E87E645007BA970 /* TaskList */ = {
			isa = PBXGroup;
			children = (
				0242DA2B1E991E4C007BA970 /* TaskListViewController.swift */,
			);
			name = TaskList;
			sourceTree = "<group>";
		};
		0242D9F71E87E646007BA970 /* TaskDetails */ = {
			isa = PBXGroup;
			children = (
				0242DA291E991E42007BA970 /* TaskDetailsViewController.swift */,
			);
			name = TaskDetails;
			sourceTree = "<group>";
		};
		0242D9F81E87E649007BA970 /* DatePicker */ = {
			isa = PBXGroup;
			children = (
				0242DA351E992026007BA970 /* DatePickerViewController.swift */,
			);
			name = DatePicker;
			sourceTree = "<group>";
		};
		0242D9F91E87E6F5007BA970 /* Landing */ = {
			isa = PBXGroup;
			children = (
				0242DA1F1E99145D007BA970 /* LandingViewController.swift */,
			);
			name = Landing;
			sourceTree = "<group>";
		};
		0242D9FB1E87E819007BA970 /* SectionTitle */ = {
			isa = PBXGroup;
			children = (
				02D383DF1E86980100F5F61C /* SectionTitleView.xib */,
				0242D9FC1E87E84E007BA970 /* SectionTitleView.swift */,
			);
			name = SectionTitle;
			sourceTree = "<group>";
		};
		0242DA061E87F7FB007BA970 /* DetailsDescription */ = {
			isa = PBXGroup;
			children = (
				02D383E11E8698D900F5F61C /* DetailsDescriptionCell.xib */,
				0242DA0E1E87FA87007BA970 /* DetailsDescriptionCell.swift */,
			);
			name = DetailsDescription;
			sourceTree = "<group>";
		};
		0242DA071E87F804007BA970 /* DetailsStatus */ = {
			isa = PBXGroup;
			children = (
				02D383E31E8698F600F5F61C /* DetailsStatusCell.xib */,
				0242DA111E88368C007BA970 /* DetailsStatusCell.swift */,
			);
			name = DetailsStatus;
			sourceTree = "<group>";
		};
		0242DA081E87F80F007BA970 /* DetailsAction */ = {
			isa = PBXGroup;
			children = (
				02D383E71E86998A00F5F61C /* DetailsActionCell.xib */,
				0242DA151E990A77007BA970 /* DetailsActionCell.swift */,
			);
			name = DetailsAction;
			sourceTree = "<group>";
		};
		0242DA091E87F819007BA970 /* DetailsTitle */ = {
			isa = PBXGroup;
			children = (
				02D383E51E86992D00F5F61C /* DetailsTitleCell.xib */,
				0242DA171E990A80007BA970 /* DetailsTitleCell.swift */,
			);
			name = DetailsTitle;
			sourceTree = "<group>";
		};
		0242DA0A1E87F8CE007BA970 /* DashboardInput */ = {
			isa = PBXGroup;
			children = (
				02D383EB1E8699E900F5F61C /* DashboardInputView.xib */,
				02C79FAF1E9A9FDC006F40D2 /* DashboardInputView.swift */,
			);
			name = DashboardInput;
			sourceTree = "<group>";
		};
		0242DA0B1E87F8D8007BA970 /* DashboardItem */ = {
			isa = PBXGroup;
			children = (
				02D383E91E86999F00F5F61C /* DashboardItemCell.xib */,
				0242DA191E990CBA007BA970 /* DashboardItemCell.swift */,
			);
			name = DashboardItem;
			sourceTree = "<group>";
		};
		0242DA0C1E87F937007BA970 /* SettingsNavigation */ = {
			isa = PBXGroup;
			children = (
				02D383ED1E86E40600F5F61C /* SettingsNavigationCell.xib */,
				0242DA1B1E990CC7007BA970 /* SettingsNavigationCell.swift */,
			);
			name = SettingsNavigation;
			sourceTree = "<group>";
		};
		0242DA0D1E87F93F007BA970 /* SectionSwitch */ = {
			isa = PBXGroup;
			children = (
				02D383EF1E86E44C00F5F61C /* SettingsSwitchCell.xib */,
				0242DA1D1E990CD0007BA970 /* SettingsSwitchCell.swift */,
			);
			name = SectionSwitch;
			sourceTree = "<group>";
		};
		0242DA391E992036007BA970 /* Settings */ = {
			isa = PBXGroup;
			children = (
				0242DA371E992031007BA970 /* SettingsViewController.swift */,
			);
			name = Settings;
			sourceTree = "<group>";
		};
		0242DA3A1E993565007BA970 /* NavigationControllers */ = {
			isa = PBXGroup;
			children = (
				0242DA3B1E993577007BA970 /* TransparentNavigationController.swift */,
				0242DA411E994B56007BA970 /* MainNavigationController.swift */,
			);
			name = NavigationControllers;
			sourceTree = "<group>";
		};
		029B24711EC26FA80009F828 /* TaskEdit */ = {
			isa = PBXGroup;
			children = (
				029B24721EC26FC60009F828 /* TaskEditViewController.swift */,
			);
			name = TaskEdit;
			sourceTree = "<group>";
		};
		029B24741EC2716A0009F828 /* Progress */ = {
			isa = PBXGroup;
			children = (
				029B24751EC272070009F828 /* EditTitleCell.swift */,
				029B24771EC2721C0009F828 /* EditTitleCell.xib */,
			);
			name = Progress;
			sourceTree = "<group>";
		};
		02D383B21E867A7C00F5F61C = {
			isa = PBXGroup;
			children = (
				02D383BD1E867A7C00F5F61C /* Just */,
				02D383D21E867A7C00F5F61C /* JustTests */,
				02D383BC1E867A7C00F5F61C /* Products */,
			);
			sourceTree = "<group>";
		};
		02D383BC1E867A7C00F5F61C /* Products */ = {
			isa = PBXGroup;
			children = (
				02D383BB1E867A7C00F5F61C /* Just.app */,
				02D383CF1E867A7C00F5F61C /* JustTests.xctest */,
			);
			name = Products;
			sourceTree = "<group>";
		};
		02D383BD1E867A7C00F5F61C /* Just */ = {
			isa = PBXGroup;
			children = (
				02D383F41E86F5A500F5F61C /* API */,
				02D383F31E86F59A00F5F61C /* Other */,
				02D383F21E86F59000F5F61C /* Model */,
				02D383F11E86F58900F5F61C /* ViewControllers */,
				02D383DE1E86976D00F5F61C /* Views */,
				02D383BE1E867A7C00F5F61C /* AppDelegate.swift */,
				02D383C21E867A7C00F5F61C /* Main.storyboard */,
				02D383C51E867A7C00F5F61C /* Assets.xcassets */,
				02D383C71E867A7C00F5F61C /* LaunchScreen.storyboard */,
				02D383CA1E867A7C00F5F61C /* Info.plist */,
			);
			path = Just;
			sourceTree = "<group>";
		};
		02D383D21E867A7C00F5F61C /* JustTests */ = {
			isa = PBXGroup;
			children = (
				02D383D31E867A7C00F5F61C /* JustTests.swift */,
				02D383D51E867A7C00F5F61C /* Info.plist */,
			);
			path = JustTests;
			sourceTree = "<group>";
		};
		02D383DE1E86976D00F5F61C /* Views */ = {
			isa = PBXGroup;
			children = (
				029B24741EC2716A0009F828 /* Progress */,
				02DCFF7E1EBFA2100096A5D0 /* ListEntry */,
				0242DA0D1E87F93F007BA970 /* SectionSwitch */,
				0242DA0C1E87F937007BA970 /* SettingsNavigation */,
				0242DA0B1E87F8D8007BA970 /* DashboardItem */,
				0242DA0A1E87F8CE007BA970 /* DashboardInput */,
				0242DA091E87F819007BA970 /* DetailsTitle */,
				0242DA081E87F80F007BA970 /* DetailsAction */,
				0242DA071E87F804007BA970 /* DetailsStatus */,
				0242DA061E87F7FB007BA970 /* DetailsDescription */,
				0242D9FB1E87E819007BA970 /* SectionTitle */,
			);
			name = Views;
			sourceTree = "<group>";
		};
		02D383F11E86F58900F5F61C /* ViewControllers */ = {
			isa = PBXGroup;
			children = (
				029B24711EC26FA80009F828 /* TaskEdit */,
				0242DA3A1E993565007BA970 /* NavigationControllers */,
				0242DA391E992036007BA970 /* Settings */,
				0242D9F91E87E6F5007BA970 /* Landing */,
				0242D9F81E87E649007BA970 /* DatePicker */,
				0242D9F71E87E646007BA970 /* TaskDetails */,
				0242D9F61E87E645007BA970 /* TaskList */,
				0242D9F51E87E63F007BA970 /* ListsPicker */,
				0242D9F41E87E63D007BA970 /* Registration */,
				0242D9F21E87E61B007BA970 /* Root */,
				0242D9F11E87E619007BA970 /* Login */,
			);
			name = ViewControllers;
			sourceTree = "<group>";
		};
		02D383F21E86F59000F5F61C /* Model */ = {
			isa = PBXGroup;
			children = (
				0242D9E51E87DEC0007BA970 /* User.swift */,
				0242D9E71E87E265007BA970 /* Token.swift */,
				0242D9EF1E87E2A3007BA970 /* Credentials.swift */,
				0242D9E91E87E26B007BA970 /* Task.swift */,
				0242D9EB1E87E275007BA970 /* Priority.swift */,
				0242D9ED1E87E27C007BA970 /* List.swift */,
				0231B30B1E9A65CE00868DB6 /* Setting.swift */,
			);
			name = Model;
			sourceTree = "<group>";
		};
		02D383F31E86F59A00F5F61C /* Other */ = {
			isa = PBXGroup;
			children = (
				0242D9FE1E87E8A3007BA970 /* NibLoadable.swift */,
				0242DA001E87E8A9007BA970 /* Reusable.swift */,
				0242DA021E87E8E6007BA970 /* TableView+Dequeuing.swift */,
				0242DA041E87ECAB007BA970 /* TableView+IndexPath.swift */,
				0242DA131E990843007BA970 /* DateFormatter.swift */,
				0242DA211E991B5E007BA970 /* StoryboardIdentifiable.swift */,
				0242DA231E991B80007BA970 /* StoryboardWireframe.swift */,
				0242DA251E991B87007BA970 /* Instantiator.swift */,
				0242DA271E991C6A007BA970 /* Wireframes.swift */,
				0242DA3D1E99420B007BA970 /* Colors.swift */,
				0242DA3F1E99477A007BA970 /* Validations.swift */,
				0231B3091E9A608F00868DB6 /* Keyboard.swift */,
				0231B30D1E9A78DE00868DB6 /* Notifications.swift */,
			);
			name = Other;
			sourceTree = "<group>";
		};
		02D383F41E86F5A500F5F61C /* API */ = {
			isa = PBXGroup;
			children = (
			);
			name = API;
			sourceTree = "<group>";
		};
		02DCFF7E1EBFA2100096A5D0 /* ListEntry */ = {
			isa = PBXGroup;
			children = (
				02DCFF7F1EBFA2260096A5D0 /* ListEntryCell.swift */,
				02DCFF811EBFA23D0096A5D0 /* ListEntryCell.xib */,
			);
			name = ListEntry;
			sourceTree = "<group>";
		};
/* End PBXGroup section */

/* Begin PBXNativeTarget section */
		02D383BA1E867A7C00F5F61C /* Just */ = {
			isa = PBXNativeTarget;
			buildConfigurationList = 02D383D81E867A7C00F5F61C /* Build configuration list for PBXNativeTarget "Just" */;
			buildPhases = (
				02D383B71E867A7C00F5F61C /* Sources */,
				02D383B81E867A7C00F5F61C /* Frameworks */,
				02D383B91E867A7C00F5F61C /* Resources */,
			);
			buildRules = (
			);
			dependencies = (
			);
			name = Just;
			productName = Just;
			productReference = 02D383BB1E867A7C00F5F61C /* Just.app */;
			productType = "com.apple.product-type.application";
		};
		02D383CE1E867A7C00F5F61C /* JustTests */ = {
			isa = PBXNativeTarget;
			buildConfigurationList = 02D383DB1E867A7C00F5F61C /* Build configuration list for PBXNativeTarget "JustTests" */;
			buildPhases = (
				02D383CB1E867A7C00F5F61C /* Sources */,
				02D383CC1E867A7C00F5F61C /* Frameworks */,
				02D383CD1E867A7C00F5F61C /* Resources */,
			);
			buildRules = (
			);
			dependencies = (
				02D383D11E867A7C00F5F61C /* PBXTargetDependency */,
			);
			name = JustTests;
			productName = JustTests;
			productReference = 02D383CF1E867A7C00F5F61C /* JustTests.xctest */;
			productType = "com.apple.product-type.bundle.unit-test";
		};
/* End PBXNativeTarget section */

/* Begin PBXProject section */
		02D383B31E867A7C00F5F61C /* Project object */ = {
			isa = PBXProject;
			attributes = {
				LastSwiftUpdateCheck = 0810;
				LastUpgradeCheck = 0830;
				ORGANIZATIONNAME = CappSoft;
				TargetAttributes = {
					02D383BA1E867A7C00F5F61C = {
						CreatedOnToolsVersion = 8.1;
						ProvisioningStyle = Automatic;
					};
					02D383CE1E867A7C00F5F61C = {
						CreatedOnToolsVersion = 8.1;
						ProvisioningStyle = Automatic;
						TestTargetID = 02D383BA1E867A7C00F5F61C;
					};
				};
			};
			buildConfigurationList = 02D383B61E867A7C00F5F61C /* Build configuration list for PBXProject "Just" */;
			compatibilityVersion = "Xcode 3.2";
			developmentRegion = English;
			hasScannedForEncodings = 0;
			knownRegions = (
				en,
				Base,
			);
			mainGroup = 02D383B21E867A7C00F5F61C;
			productRefGroup = 02D383BC1E867A7C00F5F61C /* Products */;
			projectDirPath = "";
			projectRoot = "";
			targets = (
				02D383BA1E867A7C00F5F61C /* Just */,
				02D383CE1E867A7C00F5F61C /* JustTests */,
			);
		};
/* End PBXProject section */

/* Begin PBXResourcesBuildPhase section */
		02D383B91E867A7C00F5F61C /* Resources */ = {
			isa = PBXResourcesBuildPhase;
			buildActionMask = 2147483647;
			files = (
				02D383EA1E86999F00F5F61C /* DashboardItemCell.xib in Resources */,
				02D383EE1E86E40600F5F61C /* SettingsNavigationCell.xib in Resources */,
				02D383C91E867A7C00F5F61C /* LaunchScreen.storyboard in Resources */,
				02D383EC1E8699E900F5F61C /* DashboardInputView.xib in Resources */,
				02D383C61E867A7C00F5F61C /* Assets.xcassets in Resources */,
				02D383E81E86998A00F5F61C /* DetailsActionCell.xib in Resources */,
				02D383C41E867A7C00F5F61C /* Main.storyboard in Resources */,
				02DCFF821EBFA23D0096A5D0 /* ListEntryCell.xib in Resources */,
				029B24781EC2721C0009F828 /* EditTitleCell.xib in Resources */,
				02D383E61E86992D00F5F61C /* DetailsTitleCell.xib in Resources */,
				02D383E21E8698D900F5F61C /* DetailsDescriptionCell.xib in Resources */,
				02D383E41E8698F600F5F61C /* DetailsStatusCell.xib in Resources */,
				02D383F01E86E44C00F5F61C /* SettingsSwitchCell.xib in Resources */,
				02D383E01E86980100F5F61C /* SectionTitleView.xib in Resources */,
			);
			runOnlyForDeploymentPostprocessing = 0;
		};
		02D383CD1E867A7C00F5F61C /* Resources */ = {
			isa = PBXResourcesBuildPhase;
			buildActionMask = 2147483647;
			files = (
			);
			runOnlyForDeploymentPostprocessing = 0;
		};
/* End PBXResourcesBuildPhase section */

/* Begin PBXSourcesBuildPhase section */
		02D383B71E867A7C00F5F61C /* Sources */ = {
			isa = PBXSourcesBuildPhase;
			buildActionMask = 2147483647;
			files = (
				0242DA141E990843007BA970 /* DateFormatter.swift in Sources */,
				0242DA3E1E99420B007BA970 /* Colors.swift in Sources */,
				0242DA201E99145D007BA970 /* LandingViewController.swift in Sources */,
				0242DA011E87E8A9007BA970 /* Reusable.swift in Sources */,
				02D383BF1E867A7C00F5F61C /* AppDelegate.swift in Sources */,
				029B24731EC26FC60009F828 /* TaskEditViewController.swift in Sources */,
				0242DA1C1E990CC7007BA970 /* SettingsNavigationCell.swift in Sources */,
				0242DA221E991B5E007BA970 /* StoryboardIdentifiable.swift in Sources */,
				0242DA051E87ECAB007BA970 /* TableView+IndexPath.swift in Sources */,
				0242DA3C1E993577007BA970 /* TransparentNavigationController.swift in Sources */,
				0242D9F01E87E2A3007BA970 /* Credentials.swift in Sources */,
				0242D9FF1E87E8A3007BA970 /* NibLoadable.swift in Sources */,
				0242D9FD1E87E84E007BA970 /* SectionTitleView.swift in Sources */,
				02C79FB01E9A9FDC006F40D2 /* DashboardInputView.swift in Sources */,
				0242D9EE1E87E27C007BA970 /* List.swift in Sources */,
				0242DA281E991C6A007BA970 /* Wireframes.swift in Sources */,
				0242D9EA1E87E26B007BA970 /* Task.swift in Sources */,
				0242D9E61E87DEC0007BA970 /* User.swift in Sources */,
				0242DA181E990A80007BA970 /* DetailsTitleCell.swift in Sources */,
				0242DA261E991B87007BA970 /* Instantiator.swift in Sources */,
				0231B30E1E9A78DE00868DB6 /* Notifications.swift in Sources */,
				0242DA241E991B80007BA970 /* StoryboardWireframe.swift in Sources */,
				0242DA341E991FED007BA970 /* ListPickerViewController.swift in Sources */,
				0242DA301E991E5F007BA970 /* LoginViewController.swift in Sources */,
				0242DA031E87E8E6007BA970 /* TableView+Dequeuing.swift in Sources */,
				02DCFF801EBFA2260096A5D0 /* ListEntryCell.swift in Sources */,
				0242DA321E991E6B007BA970 /* RootViewController.swift in Sources */,
				0242D9E81E87E265007BA970 /* Token.swift in Sources */,
				0242D9EC1E87E275007BA970 /* Priority.swift in Sources */,
				0242DA2C1E991E4C007BA970 /* TaskListViewController.swift in Sources */,
				029B24761EC272070009F828 /* EditTitleCell.swift in Sources */,
				0242DA1E1E990CD0007BA970 /* SettingsSwitchCell.swift in Sources */,
				0242DA421E994B56007BA970 /* MainNavigationController.swift in Sources */,
				0242DA401E99477A007BA970 /* Validations.swift in Sources */,
				0231B30C1E9A65CE00868DB6 /* Setting.swift in Sources */,
				0242DA361E992026007BA970 /* DatePickerViewController.swift in Sources */,
				0231B30A1E9A608F00868DB6 /* Keyboard.swift in Sources */,
				0242DA2A1E991E42007BA970 /* TaskDetailsViewController.swift in Sources */,
				0242DA0F1E87FA87007BA970 /* DetailsDescriptionCell.swift in Sources */,
				0242DA381E992031007BA970 /* SettingsViewController.swift in Sources */,
				0242DA121E88368C007BA970 /* DetailsStatusCell.swift in Sources */,
				0242DA1A1E990CBA007BA970 /* DashboardItemCell.swift in Sources */,
				0242DA161E990A77007BA970 /* DetailsActionCell.swift in Sources */,
				0242DA2E1E991E57007BA970 /* RegistrationViewController.swift in Sources */,
			);
			runOnlyForDeploymentPostprocessing = 0;
		};
		02D383CB1E867A7C00F5F61C /* Sources */ = {
			isa = PBXSourcesBuildPhase;
			buildActionMask = 2147483647;
			files = (
				02D383D41E867A7C00F5F61C /* JustTests.swift in Sources */,
			);
			runOnlyForDeploymentPostprocessing = 0;
		};
/* End PBXSourcesBuildPhase section */

/* Begin PBXTargetDependency section */
		02D383D11E867A7C00F5F61C /* PBXTargetDependency */ = {
			isa = PBXTargetDependency;
			target = 02D383BA1E867A7C00F5F61C /* Just */;
			targetProxy = 02D383D01E867A7C00F5F61C /* PBXContainerItemProxy */;
		};
/* End PBXTargetDependency section */

/* Begin PBXVariantGroup section */
		02D383C21E867A7C00F5F61C /* Main.storyboard */ = {
			isa = PBXVariantGroup;
			children = (
				02D383C31E867A7C00F5F61C /* Base */,
			);
			name = Main.storyboard;
			sourceTree = "<group>";
		};
		02D383C71E867A7C00F5F61C /* LaunchScreen.storyboard */ = {
			isa = PBXVariantGroup;
			children = (
				02D383C81E867A7C00F5F61C /* Base */,
			);
			name = LaunchScreen.storyboard;
			sourceTree = "<group>";
		};
/* End PBXVariantGroup section */

/* Begin XCBuildConfiguration section */
		02D383D61E867A7C00F5F61C /* Debug */ = {
			isa = XCBuildConfiguration;
			buildSettings = {
				ALWAYS_SEARCH_USER_PATHS = NO;
				CLANG_ANALYZER_NONNULL = YES;
				CLANG_CXX_LANGUAGE_STANDARD = "gnu++0x";
				CLANG_CXX_LIBRARY = "libc++";
				CLANG_ENABLE_MODULES = YES;
				CLANG_ENABLE_OBJC_ARC = YES;
				CLANG_WARN_BOOL_CONVERSION = YES;
				CLANG_WARN_CONSTANT_CONVERSION = YES;
				CLANG_WARN_DIRECT_OBJC_ISA_USAGE = YES_ERROR;
				CLANG_WARN_DOCUMENTATION_COMMENTS = YES;
				CLANG_WARN_EMPTY_BODY = YES;
				CLANG_WARN_ENUM_CONVERSION = YES;
				CLANG_WARN_INFINITE_RECURSION = YES;
				CLANG_WARN_INT_CONVERSION = YES;
				CLANG_WARN_OBJC_ROOT_CLASS = YES_ERROR;
				CLANG_WARN_SUSPICIOUS_MOVE = YES;
				CLANG_WARN_SUSPICIOUS_MOVES = YES;
				CLANG_WARN_UNREACHABLE_CODE = YES;
				CLANG_WARN__DUPLICATE_METHOD_MATCH = YES;
				"CODE_SIGN_IDENTITY[sdk=iphoneos*]" = "iPhone Developer";
				COPY_PHASE_STRIP = NO;
				DEBUG_INFORMATION_FORMAT = dwarf;
				ENABLE_STRICT_OBJC_MSGSEND = YES;
				ENABLE_TESTABILITY = YES;
				GCC_C_LANGUAGE_STANDARD = gnu99;
				GCC_DYNAMIC_NO_PIC = NO;
				GCC_NO_COMMON_BLOCKS = YES;
				GCC_OPTIMIZATION_LEVEL = 0;
				GCC_PREPROCESSOR_DEFINITIONS = (
					"DEBUG=1",
					"$(inherited)",
				);
				GCC_WARN_64_TO_32_BIT_CONVERSION = YES;
				GCC_WARN_ABOUT_RETURN_TYPE = YES_ERROR;
				GCC_WARN_UNDECLARED_SELECTOR = YES;
				GCC_WARN_UNINITIALIZED_AUTOS = YES_AGGRESSIVE;
				GCC_WARN_UNUSED_FUNCTION = YES;
				GCC_WARN_UNUSED_VARIABLE = YES;
				IPHONEOS_DEPLOYMENT_TARGET = 10.1;
				MTL_ENABLE_DEBUG_INFO = YES;
				ONLY_ACTIVE_ARCH = YES;
				SDKROOT = iphoneos;
				SWIFT_ACTIVE_COMPILATION_CONDITIONS = DEBUG;
				SWIFT_OPTIMIZATION_LEVEL = "-Onone";
			};
			name = Debug;
		};
		02D383D71E867A7C00F5F61C /* Release */ = {
			isa = XCBuildConfiguration;
			buildSettings = {
				ALWAYS_SEARCH_USER_PATHS = NO;
				CLANG_ANALYZER_NONNULL = YES;
				CLANG_CXX_LANGUAGE_STANDARD = "gnu++0x";
				CLANG_CXX_LIBRARY = "libc++";
				CLANG_ENABLE_MODULES = YES;
				CLANG_ENABLE_OBJC_ARC = YES;
				CLANG_WARN_BOOL_CONVERSION = YES;
				CLANG_WARN_CONSTANT_CONVERSION = YES;
				CLANG_WARN_DIRECT_OBJC_ISA_USAGE = YES_ERROR;
				CLANG_WARN_DOCUMENTATION_COMMENTS = YES;
				CLANG_WARN_EMPTY_BODY = YES;
				CLANG_WARN_ENUM_CONVERSION = YES;
				CLANG_WARN_INFINITE_RECURSION = YES;
				CLANG_WARN_INT_CONVERSION = YES;
				CLANG_WARN_OBJC_ROOT_CLASS = YES_ERROR;
				CLANG_WARN_SUSPICIOUS_MOVE = YES;
				CLANG_WARN_SUSPICIOUS_MOVES = YES;
				CLANG_WARN_UNREACHABLE_CODE = YES;
				CLANG_WARN__DUPLICATE_METHOD_MATCH = YES;
				"CODE_SIGN_IDENTITY[sdk=iphoneos*]" = "iPhone Developer";
				COPY_PHASE_STRIP = NO;
				DEBUG_INFORMATION_FORMAT = "dwarf-with-dsym";
				ENABLE_NS_ASSERTIONS = NO;
				ENABLE_STRICT_OBJC_MSGSEND = YES;
				GCC_C_LANGUAGE_STANDARD = gnu99;
				GCC_NO_COMMON_BLOCKS = YES;
				GCC_WARN_64_TO_32_BIT_CONVERSION = YES;
				GCC_WARN_ABOUT_RETURN_TYPE = YES_ERROR;
				GCC_WARN_UNDECLARED_SELECTOR = YES;
				GCC_WARN_UNINITIALIZED_AUTOS = YES_AGGRESSIVE;
				GCC_WARN_UNUSED_FUNCTION = YES;
				GCC_WARN_UNUSED_VARIABLE = YES;
				IPHONEOS_DEPLOYMENT_TARGET = 10.1;
				MTL_ENABLE_DEBUG_INFO = NO;
				SDKROOT = iphoneos;
				SWIFT_OPTIMIZATION_LEVEL = "-Owholemodule";
				VALIDATE_PRODUCT = YES;
			};
			name = Release;
		};
		02D383D91E867A7C00F5F61C /* Debug */ = {
			isa = XCBuildConfiguration;
			buildSettings = {
				ASSETCATALOG_COMPILER_APPICON_NAME = AppIcon;
				INFOPLIST_FILE = Just/Info.plist;
				LD_RUNPATH_SEARCH_PATHS = "$(inherited) @executable_path/Frameworks";
				PRODUCT_BUNDLE_IDENTIFIER = com.cappsoft.Just;
				PRODUCT_NAME = "$(TARGET_NAME)";
				SWIFT_VERSION = 3.0;
			};
			name = Debug;
		};
		02D383DA1E867A7C00F5F61C /* Release */ = {
			isa = XCBuildConfiguration;
			buildSettings = {
				ASSETCATALOG_COMPILER_APPICON_NAME = AppIcon;
				INFOPLIST_FILE = Just/Info.plist;
				LD_RUNPATH_SEARCH_PATHS = "$(inherited) @executable_path/Frameworks";
				PRODUCT_BUNDLE_IDENTIFIER = com.cappsoft.Just;
				PRODUCT_NAME = "$(TARGET_NAME)";
				SWIFT_VERSION = 3.0;
			};
			name = Release;
		};
		02D383DC1E867A7C00F5F61C /* Debug */ = {
			isa = XCBuildConfiguration;
			buildSettings = {
				ALWAYS_EMBED_SWIFT_STANDARD_LIBRARIES = YES;
				BUNDLE_LOADER = "$(TEST_HOST)";
				INFOPLIST_FILE = JustTests/Info.plist;
				LD_RUNPATH_SEARCH_PATHS = "$(inherited) @executable_path/Frameworks @loader_path/Frameworks";
				PRODUCT_BUNDLE_IDENTIFIER = com.cappsoft.JustTests;
				PRODUCT_NAME = "$(TARGET_NAME)";
				SWIFT_VERSION = 3.0;
				TEST_HOST = "$(BUILT_PRODUCTS_DIR)/Just.app/Just";
			};
			name = Debug;
		};
		02D383DD1E867A7C00F5F61C /* Release */ = {
			isa = XCBuildConfiguration;
			buildSettings = {
				ALWAYS_EMBED_SWIFT_STANDARD_LIBRARIES = YES;
				BUNDLE_LOADER = "$(TEST_HOST)";
				INFOPLIST_FILE = JustTests/Info.plist;
				LD_RUNPATH_SEARCH_PATHS = "$(inherited) @executable_path/Frameworks @loader_path/Frameworks";
				PRODUCT_BUNDLE_IDENTIFIER = com.cappsoft.JustTests;
				PRODUCT_NAME = "$(TARGET_NAME)";
				SWIFT_VERSION = 3.0;
				TEST_HOST = "$(BUILT_PRODUCTS_DIR)/Just.app/Just";
			};
			name = Release;
		};
/* End XCBuildConfiguration section */

/* Begin XCConfigurationList section */
		02D383B61E867A7C00F5F61C /* Build configuration list for PBXProject "Just" */ = {
			isa = XCConfigurationList;
			buildConfigurations = (
				02D383D61E867A7C00F5F61C /* Debug */,
				02D383D71E867A7C00F5F61C /* Release */,
			);
			defaultConfigurationIsVisible = 0;
			defaultConfigurationName = Release;
		};
		02D383D81E867A7C00F5F61C /* Build configuration list for PBXNativeTarget "Just" */ = {
			isa = XCConfigurationList;
			buildConfigurations = (
				02D383D91E867A7C00F5F61C /* Debug */,
				02D383DA1E867A7C00F5F61C /* Release */,
			);
			defaultConfigurationIsVisible = 0;
			defaultConfigurationName = Release;
		};
		02D383DB1E867A7C00F5F61C /* Build configuration list for PBXNativeTarget "JustTests" */ = {
			isa = XCConfigurationList;
			buildConfigurations = (
				02D383DC1E867A7C00F5F61C /* Debug */,
				02D383DD1E867A7C00F5F61C /* Release */,
			);
			defaultConfigurationIsVisible = 0;
			defaultConfigurationName = Release;
		};
/* End XCConfigurationList section */
	};
	rootObject = 02D383B31E867A7C00F5F61C /* Project object */;
}
